
Microsoft Visual Studio Solution File, Format Version 12.00
# Visual Studio Version 17
VisualStudioVersion = 17.7.34202.233
MinimumVisualStudioVersion = 10.0.40219.1
Project("{FAE04EC0-301F-11D3-BF4B-00C04F79EFBC}") = "Exercise_03", "Exercise_03.csproj", "{E20E98DD-21A7-43D2-8B38-6867919DD3A2}"
EndProject
Global
	GlobalSection(SolutionConfigurationPlatforms) = preSolution
		Debug|Any CPU = Debug|Any CPU
		Release|Any CPU = Release|Any CPU
	EndGlobalSection
	GlobalSection(ProjectConfigurationPlatforms) = postSolution
		{E20E98DD-21A7-43D2-8B38-6867919DD3A2}.Debug|Any CPU.ActiveCfg = Debug|Any CPU
		{E20E98DD-21A7-43D2-8B38-6867919DD3A2}.Debug|Any CPU.Build.0 = Debug|Any CPU
		{E20E98DD-21A7-43D2-8B38-6867919DD3A2}.Release|Any CPU.ActiveCfg = Release|Any CPU
		{E20E98DD-21A7-43D2-8B38-6867919DD3A2}.Release|Any CPU.Build.0 = Release|Any CPU
	EndGlobalSection
	GlobalSection(SolutionProperties) = preSolution
		HideSolutionNode = FALSE
	EndGlobalSection
	GlobalSection(ExtensibilityGlobals) = postSolution
		SolutionGuid = {25D976B5-A298-42BE-A5FE-F1B5D3D24FF2}
	EndGlobalSection
EndGlobal
